
Microsoft Visual Studio Solution File, Format Version 12.00
# Visual Studio Version 17
VisualStudioVersion = 17.1.32421.90
MinimumVisualStudioVersion = 10.0.40219.1
Project("{FAE04EC0-301F-11D3-BF4B-00C04F79EFBC}") = "Podrujka", "Podrujka\Podrujka.csproj", "{47577729-81EA-4EA2-BB3D-39E3A9F7867B}"
EndProject
Global
	GlobalSection(SolutionConfigurationPlatforms) = preSolution
		Debug|Any CPU = Debug|Any CPU
		Release|Any CPU = Release|Any CPU
	EndGlobalSection
	GlobalSection(ProjectConfigurationPlatforms) = postSolution
		{47577729-81EA-4EA2-BB3D-39E3A9F7867B}.Debug|Any CPU.ActiveCfg = Debug|Any CPU
		{47577729-81EA-4EA2-BB3D-39E3A9F7867B}.Debug|Any CPU.Build.0 = Debug|Any CPU
		{47577729-81EA-4EA2-BB3D-39E3A9F7867B}.Release|Any CPU.ActiveCfg = Release|Any CPU
		{47577729-81EA-4EA2-BB3D-39E3A9F7867B}.Release|Any CPU.Build.0 = Release|Any CPU
	EndGlobalSection
	GlobalSection(SolutionProperties) = preSolution
		HideSolutionNode = FALSE
	EndGlobalSection
	GlobalSection(ExtensibilityGlobals) = postSolution
		SolutionGuid = {F98E0441-104B-4B47-8D55-B28540DEA9F9}
	EndGlobalSection
EndGlobal
